
Microsoft Visual Studio Solution File, Format Version 12.00
# Visual Studio Version 17
VisualStudioVersion = 17.6.33712.159
MinimumVisualStudioVersion = 10.0.40219.1
Project("{FAE04EC0-301F-11D3-BF4B-00C04F79EFBC}") = "Server", "Server\Server.csproj", "{074B70EE-51ED-42B7-B628-DBA7D6939FD6}"
EndProject
Project("{FAE04EC0-301F-11D3-BF4B-00C04F79EFBC}") = "Client", "Client\Client.csproj", "{EFCC3730-54BC-45F5-9C99-9161497891E0}"
EndProject
Project("{2150E333-8FDC-42A3-9474-1A3956D46DE8}") = "Solution Items", "Solution Items", "{40622C14-7DA2-46C4-8D50-037B4C4E1676}"
	ProjectSection(SolutionItems) = preProject
		readme.md = readme.md
	EndProjectSection
EndProject
Global
	GlobalSection(SolutionConfigurationPlatforms) = preSolution
		Debug|Any CPU = Debug|Any CPU
		Release|Any CPU = Release|Any CPU
	EndGlobalSection
	GlobalSection(ProjectConfigurationPlatforms) = postSolution
		{074B70EE-51ED-42B7-B628-DBA7D6939FD6}.Debug|Any CPU.ActiveCfg = Debug|Any CPU
		{074B70EE-51ED-42B7-B628-DBA7D6939FD6}.Debug|Any CPU.Build.0 = Debug|Any CPU
		{074B70EE-51ED-42B7-B628-DBA7D6939FD6}.Release|Any CPU.ActiveCfg = Release|Any CPU
		{074B70EE-51ED-42B7-B628-DBA7D6939FD6}.Release|Any CPU.Build.0 = Release|Any CPU
		{EFCC3730-54BC-45F5-9C99-9161497891E0}.Debug|Any CPU.ActiveCfg = Debug|Any CPU
		{EFCC3730-54BC-45F5-9C99-9161497891E0}.Debug|Any CPU.Build.0 = Debug|Any CPU
		{EFCC3730-54BC-45F5-9C99-9161497891E0}.Release|Any CPU.ActiveCfg = Release|Any CPU
		{EFCC3730-54BC-45F5-9C99-9161497891E0}.Release|Any CPU.Build.0 = Release|Any CPU
	EndGlobalSection
	GlobalSection(SolutionProperties) = preSolution
		HideSolutionNode = FALSE
	EndGlobalSection
	GlobalSection(ExtensibilityGlobals) = postSolution
		SolutionGuid = {F00B8BBB-7D23-4C59-9CF5-D60E5C8A9734}
	EndGlobalSection
EndGlobal
